
Microsoft Visual Studio Solution File, Format Version 12.00
# Visual Studio Version 17
VisualStudioVersion = 17.11.35327.3
MinimumVisualStudioVersion = 10.0.40219.1
Project("{8BC9CEB8-8B4A-11D0-8D11-00A0C91BC942}") = "pointers_and_funcs", "pointers_and_funcs.vcxproj", "{000B8269-D9E2-4B51-A57D-4DE60A89040D}"
EndProject
Global
	GlobalSection(SolutionConfigurationPlatforms) = preSolution
		Debug|x64 = Debug|x64
		Debug|x86 = Debug|x86
		Release|x64 = Release|x64
		Release|x86 = Release|x86
	EndGlobalSection
	GlobalSection(ProjectConfigurationPlatforms) = postSolution
		{000B8269-D9E2-4B51-A57D-4DE60A89040D}.Debug|x64.ActiveCfg = Debug|x64
		{000B8269-D9E2-4B51-A57D-4DE60A89040D}.Debug|x64.Build.0 = Debug|x64
		{000B8269-D9E2-4B51-A57D-4DE60A89040D}.Debug|x86.ActiveCfg = Debug|Win32
		{000B8269-D9E2-4B51-A57D-4DE60A89040D}.Debug|x86.Build.0 = Debug|Win32
		{000B8269-D9E2-4B51-A57D-4DE60A89040D}.Release|x64.ActiveCfg = Release|x64
		{000B8269-D9E2-4B51-A57D-4DE60A89040D}.Release|x64.Build.0 = Release|x64
		{000B8269-D9E2-4B51-A57D-4DE60A89040D}.Release|x86.ActiveCfg = Release|Win32
		{000B8269-D9E2-4B51-A57D-4DE60A89040D}.Release|x86.Build.0 = Release|Win32
	EndGlobalSection
	GlobalSection(SolutionProperties) = preSolution
		HideSolutionNode = FALSE
	EndGlobalSection
	GlobalSection(ExtensibilityGlobals) = postSolution
		SolutionGuid = {7CAD691A-F4C8-4146-B073-5CC044CC718A}
	EndGlobalSection
EndGlobal
